// !$*UTF8*$!
{
	archiveVersion = 1;
	classes = {
	};
	objectVersion = 52;
	objects = {

/* Begin PBXBuildFile section */
		1D8731E326818DE1001899FE /* TimerBrain.swift in Sources */ = {isa = PBXBuildFile; fileRef = 1D8731E226818DE1001899FE /* TimerBrain.swift */; };
		1DAF4792267F83BB00E1DBA8 /* MexuaApp.swift in Sources */ = {isa = PBXBuildFile; fileRef = 1DAF4791267F83BB00E1DBA8 /* MexuaApp.swift */; };
		1DAF4794267F83BB00E1DBA8 /* ContentView.swift in Sources */ = {isa = PBXBuildFile; fileRef = 1DAF4793267F83BB00E1DBA8 /* ContentView.swift */; };
		1DAF4796267F83BF00E1DBA8 /* Assets.xcassets in Resources */ = {isa = PBXBuildFile; fileRef = 1DAF4795267F83BF00E1DBA8 /* Assets.xcassets */; };
		1DAF4799267F83BF00E1DBA8 /* Preview Assets.xcassets in Resources */ = {isa = PBXBuildFile; fileRef = 1DAF4798267F83BF00E1DBA8 /* Preview Assets.xcassets */; };
		1DAF47A6267F96C300E1DBA8 /* BottomSheetView.swift in Sources */ = {isa = PBXBuildFile; fileRef = 1DAF47A5267F96C300E1DBA8 /* BottomSheetView.swift */; };
		1DAF47AA267F9AE700E1DBA8 /* BottomSheet in Frameworks */ = {isa = PBXBuildFile; productRef = 1DAF47A9267F9AE700E1DBA8 /* BottomSheet */; };
		1DAF47AD267F9C5700E1DBA8 /* MapSettingView.swift in Sources */ = {isa = PBXBuildFile; fileRef = 1DAF47AC267F9C5700E1DBA8 /* MapSettingView.swift */; };
/* End PBXBuildFile section */

/* Begin PBXFileReference section */
		1D8731E226818DE1001899FE /* TimerBrain.swift */ = {isa = PBXFileReference; lastKnownFileType = sourcecode.swift; path = TimerBrain.swift; sourceTree = "<group>"; };
		1DAF478E267F83BB00E1DBA8 /* Mexua.app */ = {isa = PBXFileReference; explicitFileType = wrapper.application; includeInIndex = 0; path = Mexua.app; sourceTree = BUILT_PRODUCTS_DIR; };
		1DAF4791267F83BB00E1DBA8 /* MexuaApp.swift */ = {isa = PBXFileReference; lastKnownFileType = sourcecode.swift; path = MexuaApp.swift; sourceTree = "<group>"; };
		1DAF4793267F83BB00E1DBA8 /* ContentView.swift */ = {isa = PBXFileReference; lastKnownFileType = sourcecode.swift; path = ContentView.swift; sourceTree = "<group>"; };
		1DAF4795267F83BF00E1DBA8 /* Assets.xcassets */ = {isa = PBXFileReference; lastKnownFileType = folder.assetcatalog; path = Assets.xcassets; sourceTree = "<group>"; };
		1DAF4798267F83BF00E1DBA8 /* Preview Assets.xcassets */ = {isa = PBXFileReference; lastKnownFileType = folder.assetcatalog; path = "Preview Assets.xcassets"; sourceTree = "<group>"; };
		1DAF479A267F83BF00E1DBA8 /* Info.plist */ = {isa = PBXFileReference; lastKnownFileType = text.plist.xml; path = Info.plist; sourceTree = "<group>"; };
		1DAF47A5267F96C300E1DBA8 /* BottomSheetView.swift */ = {isa = PBXFileReference; lastKnownFileType = sourcecode.swift; path = BottomSheetView.swift; sourceTree = "<group>"; };
		1DAF47AC267F9C5700E1DBA8 /* MapSettingView.swift */ = {isa = PBXFileReference; lastKnownFileType = sourcecode.swift; path = MapSettingView.swift; sourceTree = "<group>"; };
/* End PBXFileReference section */

/* Begin PBXFrameworksBuildPhase section */
		1DAF478B267F83BB00E1DBA8 /* Frameworks */ = {
			isa = PBXFrameworksBuildPhase;
			buildActionMask = 2147483647;
			files = (
				1DAF47AA267F9AE700E1DBA8 /* BottomSheet in Frameworks */,
			);
			runOnlyForDeploymentPostprocessing = 0;
		};
/* End PBXFrameworksBuildPhase section */

/* Begin PBXGroup section */
		1DAF4785267F83BB00E1DBA8 = {
			isa = PBXGroup;
			children = (
				1DAF4790267F83BB00E1DBA8 /* Mexua */,
				1DAF478F267F83BB00E1DBA8 /* Products */,
			);
			sourceTree = "<group>";
		};
		1DAF478F267F83BB00E1DBA8 /* Products */ = {
			isa = PBXGroup;
			children = (
				1DAF478E267F83BB00E1DBA8 /* Mexua.app */,
			);
			name = Products;
			sourceTree = "<group>";
		};
		1DAF4790267F83BB00E1DBA8 /* Mexua */ = {
			isa = PBXGroup;
			children = (
				1DAF4791267F83BB00E1DBA8 /* MexuaApp.swift */,
				1DAF4793267F83BB00E1DBA8 /* ContentView.swift */,
				1DAF4795267F83BF00E1DBA8 /* Assets.xcassets */,
				1DAF479A267F83BF00E1DBA8 /* Info.plist */,
				1DAF4797267F83BF00E1DBA8 /* Preview Content */,
				1DAF47A5267F96C300E1DBA8 /* BottomSheetView.swift */,
				1DAF47AC267F9C5700E1DBA8 /* MapSettingView.swift */,
				1D8731E226818DE1001899FE /* TimerBrain.swift */,
			);
			path = Mexua;
			sourceTree = "<group>";
		};
		1DAF4797267F83BF00E1DBA8 /* Preview Content */ = {
			isa = PBXGroup;
			children = (
				1DAF4798267F83BF00E1DBA8 /* Preview Assets.xcassets */,
			);
			path = "Preview Content";
			sourceTree = "<group>";
		};
/* End PBXGroup section */

/* Begin PBXNativeTarget section */
		1DAF478D267F83BB00E1DBA8 /* Mexua */ = {
			isa = PBXNativeTarget;
			buildConfigurationList = 1DAF479D267F83BF00E1DBA8 /* Build configuration list for PBXNativeTarget "Mexua" */;
			buildPhases = (
				1DAF478A267F83BB00E1DBA8 /* Sources */,
				1DAF478B267F83BB00E1DBA8 /* Frameworks */,
				1DAF478C267F83BB00E1DBA8 /* Resources */,
			);
			buildRules = (
			);
			dependencies = (
			);
			name = Mexua;
			packageProductDependencies = (
				1DAF47A9267F9AE700E1DBA8 /* BottomSheet */,
			);
			productName = Mexua;
			productReference = 1DAF478E267F83BB00E1DBA8 /* Mexua.app */;
			productType = "com.apple.product-type.application";
		};
/* End PBXNativeTarget section */

/* Begin PBXProject section */
		1DAF4786267F83BB00E1DBA8 /* Project object */ = {
			isa = PBXProject;
			attributes = {
				LastSwiftUpdateCheck = 1240;
				LastUpgradeCheck = 1240;
				TargetAttributes = {
					1DAF478D267F83BB00E1DBA8 = {
						CreatedOnToolsVersion = 12.4;
					};
				};
			};
			buildConfigurationList = 1DAF4789267F83BB00E1DBA8 /* Build configuration list for PBXProject "Mexua" */;
			compatibilityVersion = "Xcode 9.3";
			developmentRegion = en;
			hasScannedForEncodings = 0;
			knownRegions = (
				en,
				Base,
			);
			mainGroup = 1DAF4785267F83BB00E1DBA8;
			packageReferences = (
				1DAF47A8267F9AE600E1DBA8 /* XCRemoteSwiftPackageReference "BottomSheet" */,
			);
			productRefGroup = 1DAF478F267F83BB00E1DBA8 /* Products */;
			projectDirPath = "";
			projectRoot = "";
			targets = (
				1DAF478D267F83BB00E1DBA8 /* Mexua */,
			);
		};
/* End PBXProject section */

/* Begin PBXResourcesBuildPhase section */
		1DAF478C267F83BB00E1DBA8 /* Resources */ = {
			isa = PBXResourcesBuildPhase;
			buildActionMask = 2147483647;
			files = (
				1DAF4799267F83BF00E1DBA8 /* Preview Assets.xcassets in Resources */,
				1DAF4796267F83BF00E1DBA8 /* Assets.xcassets in Resources */,
			);
			runOnlyForDeploymentPostprocessing = 0;
		};
/* End PBXResourcesBuildPhase section */

/* Begin PBXSourcesBuildPhase section */
		1DAF478A267F83BB00E1DBA8 /* Sources */ = {
			isa = PBXSourcesBuildPhase;
			buildActionMask = 2147483647;
			files = (
				1DAF4794267F83BB00E1DBA8 /* ContentView.swift in Sources */,
				1DAF4792267F83BB00E1DBA8 /* MexuaApp.swift in Sources */,
				1DAF47AD267F9C5700E1DBA8 /* MapSettingView.swift in Sources */,
				1DAF47A6267F96C300E1DBA8 /* BottomSheetView.swift in Sources */,
				1D8731E326818DE1001899FE /* TimerBrain.swift in Sources */,
			);
			runOnlyForDeploymentPostprocessing = 0;
		};
/* End PBXSourcesBuildPhase section */

/* Begin XCBuildConfiguration section */
		1DAF479B267F83BF00E1DBA8 /* Debug */ = {
			isa = XCBuildConfiguration;
			buildSettings = {
				ALWAYS_SEARCH_USER_PATHS = NO;
				CLANG_ANALYZER_NONNULL = YES;
				CLANG_ANALYZER_NUMBER_OBJECT_CONVERSION = YES_AGGRESSIVE;
				CLANG_CXX_LANGUAGE_STANDARD = "gnu++14";
				CLANG_CXX_LIBRARY = "libc++";
				CLANG_ENABLE_MODULES = YES;
				CLANG_ENABLE_OBJC_ARC = YES;
				CLANG_ENABLE_OBJC_WEAK = YES;
				CLANG_WARN_BLOCK_CAPTURE_AUTORELEASING = YES;
				CLANG_WARN_BOOL_CONVERSION = YES;
				CLANG_WARN_COMMA = YES;
				CLANG_WARN_CONSTANT_CONVERSION = YES;
				CLANG_WARN_DEPRECATED_OBJC_IMPLEMENTATIONS = YES;
				CLANG_WARN_DIRECT_OBJC_ISA_USAGE = YES_ERROR;
				CLANG_WARN_DOCUMENTATION_COMMENTS = YES;
				CLANG_WARN_EMPTY_BODY = YES;
				CLANG_WARN_ENUM_CONVERSION = YES;
				CLANG_WARN_INFINITE_RECURSION = YES;
				CLANG_WARN_INT_CONVERSION = YES;
				CLANG_WARN_NON_LITERAL_NULL_CONVERSION = YES;
				CLANG_WARN_OBJC_IMPLICIT_RETAIN_SELF = YES;
				CLANG_WARN_OBJC_LITERAL_CONVERSION = YES;
				CLANG_WARN_OBJC_ROOT_CLASS = YES_ERROR;
				CLANG_WARN_QUOTED_INCLUDE_IN_FRAMEWORK_HEADER = YES;
				CLANG_WARN_RANGE_LOOP_ANALYSIS = YES;
				CLANG_WARN_STRICT_PROTOTYPES = YES;
				CLANG_WARN_SUSPICIOUS_MOVE = YES;
				CLANG_WARN_UNGUARDED_AVAILABILITY = YES_AGGRESSIVE;
				CLANG_WARN_UNREACHABLE_CODE = YES;
				CLANG_WARN__DUPLICATE_METHOD_MATCH = YES;
				COPY_PHASE_STRIP = NO;
				DEBUG_INFORMATION_FORMAT = dwarf;
				ENABLE_STRICT_OBJC_MSGSEND = YES;
				ENABLE_TESTABILITY = YES;
				GCC_C_LANGUAGE_STANDARD = gnu11;
				GCC_DYNAMIC_NO_PIC = NO;
				GCC_NO_COMMON_BLOCKS = YES;
				GCC_OPTIMIZATION_LEVEL = 0;
				GCC_PREPROCESSOR_DEFINITIONS = (
					"DEBUG=1",
					"$(inherited)",
				);
				GCC_WARN_64_TO_32_BIT_CONVERSION = YES;
				GCC_WARN_ABOUT_RETURN_TYPE = YES_ERROR;
				GCC_WARN_UNDECLARED_SELECTOR = YES;
				GCC_WARN_UNINITIALIZED_AUTOS = YES_AGGRESSIVE;
				GCC_WARN_UNUSED_FUNCTION = YES;
				GCC_WARN_UNUSED_VARIABLE = YES;
				IPHONEOS_DEPLOYMENT_TARGET = 14.4;
				MTL_ENABLE_DEBUG_INFO = INCLUDE_SOURCE;
				MTL_FAST_MATH = YES;
				ONLY_ACTIVE_ARCH = YES;
				SDKROOT = iphoneos;
				SWIFT_ACTIVE_COMPILATION_CONDITIONS = DEBUG;
				SWIFT_OPTIMIZATION_LEVEL = "-Onone";
			};
			name = Debug;
		};
		1DAF479C267F83BF00E1DBA8 /* Release */ = {
			isa = XCBuildConfiguration;
			buildSettings = {
				ALWAYS_SEARCH_USER_PATHS = NO;
				CLANG_ANALYZER_NONNULL = YES;
				CLANG_ANALYZER_NUMBER_OBJECT_CONVERSION = YES_AGGRESSIVE;
				CLANG_CXX_LANGUAGE_STANDARD = "gnu++14";
				CLANG_CXX_LIBRARY = "libc++";
				CLANG_ENABLE_MODULES = YES;
				CLANG_ENABLE_OBJC_ARC = YES;
				CLANG_ENABLE_OBJC_WEAK = YES;
				CLANG_WARN_BLOCK_CAPTURE_AUTORELEASING = YES;
				CLANG_WARN_BOOL_CONVERSION = YES;
				CLANG_WARN_COMMA = YES;
				CLANG_WARN_CONSTANT_CONVERSION = YES;
				CLANG_WARN_DEPRECATED_OBJC_IMPLEMENTATIONS = YES;
				CLANG_WARN_DIRECT_OBJC_ISA_USAGE = YES_ERROR;
				CLANG_WARN_DOCUMENTATION_COMMENTS = YES;
				CLANG_WARN_EMPTY_BODY = YES;
				CLANG_WARN_ENUM_CONVERSION = YES;
				CLANG_WARN_INFINITE_RECURSION = YES;
				CLANG_WARN_INT_CONVERSION = YES;
				CLANG_WARN_NON_LITERAL_NULL_CONVERSION = YES;
				CLANG_WARN_OBJC_IMPLICIT_RETAIN_SELF = YES;
				CLANG_WARN_OBJC_LITERAL_CONVERSION = YES;
				CLANG_WARN_OBJC_ROOT_CLASS = YES_ERROR;
				CLANG_WARN_QUOTED_INCLUDE_IN_FRAMEWORK_HEADER = YES;
				CLANG_WARN_RANGE_LOOP_ANALYSIS = YES;
				CLANG_WARN_STRICT_PROTOTYPES = YES;
				CLANG_WARN_SUSPICIOUS_MOVE = YES;
				CLANG_WARN_UNGUARDED_AVAILABILITY = YES_AGGRESSIVE;
				CLANG_WARN_UNREACHABLE_CODE = YES;
				CLANG_WARN__DUPLICATE_METHOD_MATCH = YES;
				COPY_PHASE_STRIP = NO;
				DEBUG_INFORMATION_FORMAT = "dwarf-with-dsym";
				ENABLE_NS_ASSERTIONS = NO;
				ENABLE_STRICT_OBJC_MSGSEND = YES;
				GCC_C_LANGUAGE_STANDARD = gnu11;
				GCC_NO_COMMON_BLOCKS = YES;
				GCC_WARN_64_TO_32_BIT_CONVERSION = YES;
				GCC_WARN_ABOUT_RETURN_TYPE = YES_ERROR;
				GCC_WARN_UNDECLARED_SELECTOR = YES;
				GCC_WARN_UNINITIALIZED_AUTOS = YES_AGGRESSIVE;
				GCC_WARN_UNUSED_FUNCTION = YES;
				GCC_WARN_UNUSED_VARIABLE = YES;
				IPHONEOS_DEPLOYMENT_TARGET = 14.4;
				MTL_ENABLE_DEBUG_INFO = NO;
				MTL_FAST_MATH = YES;
				SDKROOT = iphoneos;
				SWIFT_COMPILATION_MODE = wholemodule;
				SWIFT_OPTIMIZATION_LEVEL = "-O";
				VALIDATE_PRODUCT = YES;
			};
			name = Release;
		};
		1DAF479E267F83BF00E1DBA8 /* Debug */ = {
			isa = XCBuildConfiguration;
			buildSettings = {
				ASSETCATALOG_COMPILER_APPICON_NAME = AppIcon;
				ASSETCATALOG_COMPILER_GLOBAL_ACCENT_COLOR_NAME = AccentColor;
				CODE_SIGN_STYLE = Automatic;
				DEVELOPMENT_ASSET_PATHS = "\"Mexua/Preview Content\"";
				DEVELOPMENT_TEAM = 2HGUN69S4H;
				ENABLE_PREVIEWS = YES;
				INFOPLIST_FILE = Mexua/Info.plist;
				IPHONEOS_DEPLOYMENT_TARGET = 14.0;
				LD_RUNPATH_SEARCH_PATHS = (
					"$(inherited)",
					"@executable_path/Frameworks",
				);
				PRODUCT_BUNDLE_IDENTIFIER = com.melandias.iosapp.Mexua;
				PRODUCT_NAME = "$(TARGET_NAME)";
				SWIFT_VERSION = 5.0;
				TARGETED_DEVICE_FAMILY = "1,2";
			};
			name = Debug;
		};
		1DAF479F267F83BF00E1DBA8 /* Release */ = {
			isa = XCBuildConfiguration;
			buildSettings = {
				ASSETCATALOG_COMPILER_APPICON_NAME = AppIcon;
				ASSETCATALOG_COMPILER_GLOBAL_ACCENT_COLOR_NAME = AccentColor;
				CODE_SIGN_STYLE = Automatic;
				DEVELOPMENT_ASSET_PATHS = "\"Mexua/Preview Content\"";
				DEVELOPMENT_TEAM = 2HGUN69S4H;
				ENABLE_PREVIEWS = YES;
				INFOPLIST_FILE = Mexua/Info.plist;
				IPHONEOS_DEPLOYMENT_TARGET = 14.0;
				LD_RUNPATH_SEARCH_PATHS = (
					"$(inherited)",
					"@executable_path/Frameworks",
				);
				PRODUCT_BUNDLE_IDENTIFIER = com.melandias.iosapp.Mexua;
				PRODUCT_NAME = "$(TARGET_NAME)";
				SWIFT_VERSION = 5.0;
				TARGETED_DEVICE_FAMILY = "1,2";
			};
			name = Release;
		};
/* End XCBuildConfiguration section */

/* Begin XCConfigurationList section */
		1DAF4789267F83BB00E1DBA8 /* Build configuration list for PBXProject "Mexua" */ = {
			isa = XCConfigurationList;
			buildConfigurations = (
				1DAF479B267F83BF00E1DBA8 /* Debug */,
				1DAF479C267F83BF00E1DBA8 /* Release */,
			);
			defaultConfigurationIsVisible = 0;
			defaultConfigurationName = Release;
		};
		1DAF479D267F83BF00E1DBA8 /* Build configuration list for PBXNativeTarget "Mexua" */ = {
			isa = XCConfigurationList;
			buildConfigurations = (
				1DAF479E267F83BF00E1DBA8 /* Debug */,
				1DAF479F267F83BF00E1DBA8 /* Release */,
			);
			defaultConfigurationIsVisible = 0;
			defaultConfigurationName = Release;
		};
/* End XCConfigurationList section */

/* Begin XCRemoteSwiftPackageReference section */
		1DAF47A8267F9AE600E1DBA8 /* XCRemoteSwiftPackageReference "BottomSheet" */ = {
			isa = XCRemoteSwiftPackageReference;
			repositoryURL = "https://github.com/weitieda/BottomSheet";
			requirement = {
				kind = upToNextMajorVersion;
				minimumVersion = 1.0.6;
			};
		};
/* End XCRemoteSwiftPackageReference section */

/* Begin XCSwiftPackageProductDependency section */
		1DAF47A9267F9AE700E1DBA8 /* BottomSheet */ = {
			isa = XCSwiftPackageProductDependency;
			package = 1DAF47A8267F9AE600E1DBA8 /* XCRemoteSwiftPackageReference "BottomSheet" */;
			productName = BottomSheet;
		};
/* End XCSwiftPackageProductDependency section */
	};
	rootObject = 1DAF4786267F83BB00E1DBA8 /* Project object */;
}
